// !$*UTF8*$!
{
	archiveVersion = 1;
	classes = {
	};
	objectVersion = 56;
	objects = {

/* Begin PBXBuildFile section */
		755332332A3982A800791D4F /* BibleAPIApp.swift in Sources */ = {isa = PBXBuildFile; fileRef = 755332322A3982A800791D4F /* BibleAPIApp.swift */; };
		755332352A3982A800791D4F /* ContentView.swift in Sources */ = {isa = PBXBuildFile; fileRef = 755332342A3982A800791D4F /* ContentView.swift */; };
		755332372A3982AA00791D4F /* Assets.xcassets in Resources */ = {isa = PBXBuildFile; fileRef = 755332362A3982AA00791D4F /* Assets.xcassets */; };
		7553323A2A3982AA00791D4F /* Preview Assets.xcassets in Resources */ = {isa = PBXBuildFile; fileRef = 755332392A3982AA00791D4F /* Preview Assets.xcassets */; };
		755332422A3982E500791D4F /* BibleText.swift in Sources */ = {isa = PBXBuildFile; fileRef = 755332412A3982E500791D4F /* BibleText.swift */; };
		755332452A39832200791D4F /* BibleModel.swift in Sources */ = {isa = PBXBuildFile; fileRef = 755332442A39832200791D4F /* BibleModel.swift */; };
		7553324A2A39832B00791D4F /* ReferenceView.swift in Sources */ = {isa = PBXBuildFile; fileRef = 755332472A39832B00791D4F /* ReferenceView.swift */; };
		7553324B2A39832B00791D4F /* EmptyView.swift in Sources */ = {isa = PBXBuildFile; fileRef = 755332482A39832B00791D4F /* EmptyView.swift */; };
		7553324C2A39832B00791D4F /* LoadingView.swift in Sources */ = {isa = PBXBuildFile; fileRef = 755332492A39832B00791D4F /* LoadingView.swift */; };
/* End PBXBuildFile section */

/* Begin PBXFileReference section */
		7553322F2A3982A800791D4F /* BibleAPI.app */ = {isa = PBXFileReference; explicitFileType = wrapper.application; includeInIndex = 0; path = BibleAPI.app; sourceTree = BUILT_PRODUCTS_DIR; };
		755332322A3982A800791D4F /* BibleAPIApp.swift */ = {isa = PBXFileReference; lastKnownFileType = sourcecode.swift; path = BibleAPIApp.swift; sourceTree = "<group>"; };
		755332342A3982A800791D4F /* ContentView.swift */ = {isa = PBXFileReference; lastKnownFileType = sourcecode.swift; path = ContentView.swift; sourceTree = "<group>"; };
		755332362A3982AA00791D4F /* Assets.xcassets */ = {isa = PBXFileReference; lastKnownFileType = folder.assetcatalog; path = Assets.xcassets; sourceTree = "<group>"; };
		755332392A3982AA00791D4F /* Preview Assets.xcassets */ = {isa = PBXFileReference; lastKnownFileType = folder.assetcatalog; path = "Preview Assets.xcassets"; sourceTree = "<group>"; };
		755332412A3982E500791D4F /* BibleText.swift */ = {isa = PBXFileReference; lastKnownFileType = sourcecode.swift; path = BibleText.swift; sourceTree = "<group>"; };
		755332442A39832200791D4F /* BibleModel.swift */ = {isa = PBXFileReference; fileEncoding = 4; lastKnownFileType = sourcecode.swift; path = BibleModel.swift; sourceTree = "<group>"; };
		755332472A39832B00791D4F /* ReferenceView.swift */ = {isa = PBXFileReference; fileEncoding = 4; lastKnownFileType = sourcecode.swift; path = ReferenceView.swift; sourceTree = "<group>"; };
		755332482A39832B00791D4F /* EmptyView.swift */ = {isa = PBXFileReference; fileEncoding = 4; lastKnownFileType = sourcecode.swift; path = EmptyView.swift; sourceTree = "<group>"; };
		755332492A39832B00791D4F /* LoadingView.swift */ = {isa = PBXFileReference; fileEncoding = 4; lastKnownFileType = sourcecode.swift; path = LoadingView.swift; sourceTree = "<group>"; };
/* End PBXFileReference section */

/* Begin PBXFrameworksBuildPhase section */
		7553322C2A3982A800791D4F /* Frameworks */ = {
			isa = PBXFrameworksBuildPhase;
			buildActionMask = 2147483647;
			files = (
			);
			runOnlyForDeploymentPostprocessing = 0;
		};
/* End PBXFrameworksBuildPhase section */

/* Begin PBXGroup section */
		755332262A3982A800791D4F = {
			isa = PBXGroup;
			children = (
				755332312A3982A800791D4F /* BibleAPI */,
				755332302A3982A800791D4F /* Products */,
			);
			sourceTree = "<group>";
		};
		755332302A3982A800791D4F /* Products */ = {
			isa = PBXGroup;
			children = (
				7553322F2A3982A800791D4F /* BibleAPI.app */,
			);
			name = Products;
			sourceTree = "<group>";
		};
		755332312A3982A800791D4F /* BibleAPI */ = {
			isa = PBXGroup;
			children = (
				755332462A39832B00791D4F /* components */,
				755332432A39832200791D4F /* model */,
				755332402A3982B100791D4F /* entities */,
				755332322A3982A800791D4F /* BibleAPIApp.swift */,
				755332342A3982A800791D4F /* ContentView.swift */,
				755332362A3982AA00791D4F /* Assets.xcassets */,
				755332382A3982AA00791D4F /* Preview Content */,
			);
			path = BibleAPI;
			sourceTree = "<group>";
		};
		755332382A3982AA00791D4F /* Preview Content */ = {
			isa = PBXGroup;
			children = (
				755332392A3982AA00791D4F /* Preview Assets.xcassets */,
			);
			path = "Preview Content";
			sourceTree = "<group>";
		};
		755332402A3982B100791D4F /* entities */ = {
			isa = PBXGroup;
			children = (
				755332412A3982E500791D4F /* BibleText.swift */,
			);
			path = entities;
			sourceTree = "<group>";
		};
		755332432A39832200791D4F /* model */ = {
			isa = PBXGroup;
			children = (
				755332442A39832200791D4F /* BibleModel.swift */,
			);
			path = model;
			sourceTree = "<group>";
		};
		755332462A39832B00791D4F /* components */ = {
			isa = PBXGroup;
			children = (
				755332472A39832B00791D4F /* ReferenceView.swift */,
				755332482A39832B00791D4F /* EmptyView.swift */,
				755332492A39832B00791D4F /* LoadingView.swift */,
			);
			path = components;
			sourceTree = "<group>";
		};
/* End PBXGroup section */

/* Begin PBXNativeTarget section */
		7553322E2A3982A800791D4F /* BibleAPI */ = {
			isa = PBXNativeTarget;
			buildConfigurationList = 7553323D2A3982AA00791D4F /* Build configuration list for PBXNativeTarget "BibleAPI" */;
			buildPhases = (
				7553322B2A3982A800791D4F /* Sources */,
				7553322C2A3982A800791D4F /* Frameworks */,
				7553322D2A3982A800791D4F /* Resources */,
			);
			buildRules = (
			);
			dependencies = (
			);
			name = BibleAPI;
			productName = BibleAPI;
			productReference = 7553322F2A3982A800791D4F /* BibleAPI.app */;
			productType = "com.apple.product-type.application";
		};
/* End PBXNativeTarget section */

/* Begin PBXProject section */
		755332272A3982A800791D4F /* Project object */ = {
			isa = PBXProject;
			attributes = {
				BuildIndependentTargetsInParallel = 1;
				LastSwiftUpdateCheck = 1430;
				LastUpgradeCheck = 1430;
				TargetAttributes = {
					7553322E2A3982A800791D4F = {
						CreatedOnToolsVersion = 14.3.1;
					};
				};
			};
			buildConfigurationList = 7553322A2A3982A800791D4F /* Build configuration list for PBXProject "BibleAPI" */;
			compatibilityVersion = "Xcode 14.0";
			developmentRegion = en;
			hasScannedForEncodings = 0;
			knownRegions = (
				en,
				Base,
			);
			mainGroup = 755332262A3982A800791D4F;
			productRefGroup = 755332302A3982A800791D4F /* Products */;
			projectDirPath = "";
			projectRoot = "";
			targets = (
				7553322E2A3982A800791D4F /* BibleAPI */,
			);
		};
/* End PBXProject section */

/* Begin PBXResourcesBuildPhase section */
		7553322D2A3982A800791D4F /* Resources */ = {
			isa = PBXResourcesBuildPhase;
			buildActionMask = 2147483647;
			files = (
				7553323A2A3982AA00791D4F /* Preview Assets.xcassets in Resources */,
				755332372A3982AA00791D4F /* Assets.xcassets in Resources */,
			);
			runOnlyForDeploymentPostprocessing = 0;
		};
/* End PBXResourcesBuildPhase section */

/* Begin PBXSourcesBuildPhase section */
		7553322B2A3982A800791D4F /* Sources */ = {
			isa = PBXSourcesBuildPhase;
			buildActionMask = 2147483647;
			files = (
				755332352A3982A800791D4F /* ContentView.swift in Sources */,
				755332332A3982A800791D4F /* BibleAPIApp.swift in Sources */,
				755332452A39832200791D4F /* BibleModel.swift in Sources */,
				7553324A2A39832B00791D4F /* ReferenceView.swift in Sources */,
				7553324B2A39832B00791D4F /* EmptyView.swift in Sources */,
				7553324C2A39832B00791D4F /* LoadingView.swift in Sources */,
				755332422A3982E500791D4F /* BibleText.swift in Sources */,
			);
			runOnlyForDeploymentPostprocessing = 0;
		};
/* End PBXSourcesBuildPhase section */

/* Begin XCBuildConfiguration section */
		7553323B2A3982AA00791D4F /* Debug */ = {
			isa = XCBuildConfiguration;
			buildSettings = {
				ALWAYS_SEARCH_USER_PATHS = NO;
				CLANG_ANALYZER_NONNULL = YES;
				CLANG_ANALYZER_NUMBER_OBJECT_CONVERSION = YES_AGGRESSIVE;
				CLANG_CXX_LANGUAGE_STANDARD = "gnu++20";
				CLANG_ENABLE_MODULES = YES;
				CLANG_ENABLE_OBJC_ARC = YES;
				CLANG_ENABLE_OBJC_WEAK = YES;
				CLANG_WARN_BLOCK_CAPTURE_AUTORELEASING = YES;
				CLANG_WARN_BOOL_CONVERSION = YES;
				CLANG_WARN_COMMA = YES;
				CLANG_WARN_CONSTANT_CONVERSION = YES;
				CLANG_WARN_DEPRECATED_OBJC_IMPLEMENTATIONS = YES;
				CLANG_WARN_DIRECT_OBJC_ISA_USAGE = YES_ERROR;
				CLANG_WARN_DOCUMENTATION_COMMENTS = YES;
				CLANG_WARN_EMPTY_BODY = YES;
				CLANG_WARN_ENUM_CONVERSION = YES;
				CLANG_WARN_INFINITE_RECURSION = YES;
				CLANG_WARN_INT_CONVERSION = YES;
				CLANG_WARN_NON_LITERAL_NULL_CONVERSION = YES;
				CLANG_WARN_OBJC_IMPLICIT_RETAIN_SELF = YES;
				CLANG_WARN_OBJC_LITERAL_CONVERSION = YES;
				CLANG_WARN_OBJC_ROOT_CLASS = YES_ERROR;
				CLANG_WARN_QUOTED_INCLUDE_IN_FRAMEWORK_HEADER = YES;
				CLANG_WARN_RANGE_LOOP_ANALYSIS = YES;
				CLANG_WARN_STRICT_PROTOTYPES = YES;
				CLANG_WARN_SUSPICIOUS_MOVE = YES;
				CLANG_WARN_UNGUARDED_AVAILABILITY = YES_AGGRESSIVE;
				CLANG_WARN_UNREACHABLE_CODE = YES;
				CLANG_WARN__DUPLICATE_METHOD_MATCH = YES;
				COPY_PHASE_STRIP = NO;
				DEBUG_INFORMATION_FORMAT = dwarf;
				ENABLE_STRICT_OBJC_MSGSEND = YES;
				ENABLE_TESTABILITY = YES;
				GCC_C_LANGUAGE_STANDARD = gnu11;
				GCC_DYNAMIC_NO_PIC = NO;
				GCC_NO_COMMON_BLOCKS = YES;
				GCC_OPTIMIZATION_LEVEL = 0;
				GCC_PREPROCESSOR_DEFINITIONS = (
					"DEBUG=1",
					"$(inherited)",
				);
				GCC_WARN_64_TO_32_BIT_CONVERSION = YES;
				GCC_WARN_ABOUT_RETURN_TYPE = YES_ERROR;
				GCC_WARN_UNDECLARED_SELECTOR = YES;
				GCC_WARN_UNINITIALIZED_AUTOS = YES_AGGRESSIVE;
				GCC_WARN_UNUSED_FUNCTION = YES;
				GCC_WARN_UNUSED_VARIABLE = YES;
				IPHONEOS_DEPLOYMENT_TARGET = 16.4;
				MTL_ENABLE_DEBUG_INFO = INCLUDE_SOURCE;
				MTL_FAST_MATH = YES;
				ONLY_ACTIVE_ARCH = YES;
				SDKROOT = iphoneos;
				SWIFT_ACTIVE_COMPILATION_CONDITIONS = DEBUG;
				SWIFT_OPTIMIZATION_LEVEL = "-Onone";
			};
			name = Debug;
		};
		7553323C2A3982AA00791D4F /* Release */ = {
			isa = XCBuildConfiguration;
			buildSettings = {
				ALWAYS_SEARCH_USER_PATHS = NO;
				CLANG_ANALYZER_NONNULL = YES;
				CLANG_ANALYZER_NUMBER_OBJECT_CONVERSION = YES_AGGRESSIVE;
				CLANG_CXX_LANGUAGE_STANDARD = "gnu++20";
				CLANG_ENABLE_MODULES = YES;
				CLANG_ENABLE_OBJC_ARC = YES;
				CLANG_ENABLE_OBJC_WEAK = YES;
				CLANG_WARN_BLOCK_CAPTURE_AUTORELEASING = YES;
				CLANG_WARN_BOOL_CONVERSION = YES;
				CLANG_WARN_COMMA = YES;
				CLANG_WARN_CONSTANT_CONVERSION = YES;
				CLANG_WARN_DEPRECATED_OBJC_IMPLEMENTATIONS = YES;
				CLANG_WARN_DIRECT_OBJC_ISA_USAGE = YES_ERROR;
				CLANG_WARN_DOCUMENTATION_COMMENTS = YES;
				CLANG_WARN_EMPTY_BODY = YES;
				CLANG_WARN_ENUM_CONVERSION = YES;
				CLANG_WARN_INFINITE_RECURSION = YES;
				CLANG_WARN_INT_CONVERSION = YES;
				CLANG_WARN_NON_LITERAL_NULL_CONVERSION = YES;
				CLANG_WARN_OBJC_IMPLICIT_RETAIN_SELF = YES;
				CLANG_WARN_OBJC_LITERAL_CONVERSION = YES;
				CLANG_WARN_OBJC_ROOT_CLASS = YES_ERROR;
				CLANG_WARN_QUOTED_INCLUDE_IN_FRAMEWORK_HEADER = YES;
				CLANG_WARN_RANGE_LOOP_ANALYSIS = YES;
				CLANG_WARN_STRICT_PROTOTYPES = YES;
				CLANG_WARN_SUSPICIOUS_MOVE = YES;
				CLANG_WARN_UNGUARDED_AVAILABILITY = YES_AGGRESSIVE;
				CLANG_WARN_UNREACHABLE_CODE = YES;
				CLANG_WARN__DUPLICATE_METHOD_MATCH = YES;
				COPY_PHASE_STRIP = NO;
				DEBUG_INFORMATION_FORMAT = "dwarf-with-dsym";
				ENABLE_NS_ASSERTIONS = NO;
				ENABLE_STRICT_OBJC_MSGSEND = YES;
				GCC_C_LANGUAGE_STANDARD = gnu11;
				GCC_NO_COMMON_BLOCKS = YES;
				GCC_WARN_64_TO_32_BIT_CONVERSION = YES;
				GCC_WARN_ABOUT_RETURN_TYPE = YES_ERROR;
				GCC_WARN_UNDECLARED_SELECTOR = YES;
				GCC_WARN_UNINITIALIZED_AUTOS = YES_AGGRESSIVE;
				GCC_WARN_UNUSED_FUNCTION = YES;
				GCC_WARN_UNUSED_VARIABLE = YES;
				IPHONEOS_DEPLOYMENT_TARGET = 16.4;
				MTL_ENABLE_DEBUG_INFO = NO;
				MTL_FAST_MATH = YES;
				SDKROOT = iphoneos;
				SWIFT_COMPILATION_MODE = wholemodule;
				SWIFT_OPTIMIZATION_LEVEL = "-O";
				VALIDATE_PRODUCT = YES;
			};
			name = Release;
		};
		7553323E2A3982AA00791D4F /* Debug */ = {
			isa = XCBuildConfiguration;
			buildSettings = {
				ASSETCATALOG_COMPILER_APPICON_NAME = AppIcon;
				ASSETCATALOG_COMPILER_GLOBAL_ACCENT_COLOR_NAME = AccentColor;
				CODE_SIGN_STYLE = Automatic;
				CURRENT_PROJECT_VERSION = 1;
				DEVELOPMENT_ASSET_PATHS = "\"BibleAPI/Preview Content\"";
				DEVELOPMENT_TEAM = 34E95R7U23;
				ENABLE_PREVIEWS = YES;
				GENERATE_INFOPLIST_FILE = YES;
				INFOPLIST_KEY_UIApplicationSceneManifest_Generation = YES;
				INFOPLIST_KEY_UIApplicationSupportsIndirectInputEvents = YES;
				INFOPLIST_KEY_UILaunchScreen_Generation = YES;
				INFOPLIST_KEY_UISupportedInterfaceOrientations_iPad = "UIInterfaceOrientationPortrait UIInterfaceOrientationPortraitUpsideDown UIInterfaceOrientationLandscapeLeft UIInterfaceOrientationLandscapeRight";
				INFOPLIST_KEY_UISupportedInterfaceOrientations_iPhone = "UIInterfaceOrientationPortrait UIInterfaceOrientationLandscapeLeft UIInterfaceOrientationLandscapeRight";
				LD_RUNPATH_SEARCH_PATHS = (
					"$(inherited)",
					"@executable_path/Frameworks",
				);
				MARKETING_VERSION = 1.0;
				PRODUCT_BUNDLE_IDENTIFIER = br.mackenzie.academy.BibleAPI;
				PRODUCT_NAME = "$(TARGET_NAME)";
				SWIFT_EMIT_LOC_STRINGS = YES;
				SWIFT_VERSION = 5.0;
				TARGETED_DEVICE_FAMILY = "1,2";
			};
			name = Debug;
		};
		7553323F2A3982AA00791D4F /* Release */ = {
			isa = XCBuildConfiguration;
			buildSettings = {
				ASSETCATALOG_COMPILER_APPICON_NAME = AppIcon;
				ASSETCATALOG_COMPILER_GLOBAL_ACCENT_COLOR_NAME = AccentColor;
				CODE_SIGN_STYLE = Automatic;
				CURRENT_PROJECT_VERSION = 1;
				DEVELOPMENT_ASSET_PATHS = "\"BibleAPI/Preview Content\"";
				DEVELOPMENT_TEAM = 34E95R7U23;
				ENABLE_PREVIEWS = YES;
				GENERATE_INFOPLIST_FILE = YES;
				INFOPLIST_KEY_UIApplicationSceneManifest_Generation = YES;
				INFOPLIST_KEY_UIApplicationSupportsIndirectInputEvents = YES;
				INFOPLIST_KEY_UILaunchScreen_Generation = YES;
				INFOPLIST_KEY_UISupportedInterfaceOrientations_iPad = "UIInterfaceOrientationPortrait UIInterfaceOrientationPortraitUpsideDown UIInterfaceOrientationLandscapeLeft UIInterfaceOrientationLandscapeRight";
				INFOPLIST_KEY_UISupportedInterfaceOrientations_iPhone = "UIInterfaceOrientationPortrait UIInterfaceOrientationLandscapeLeft UIInterfaceOrientationLandscapeRight";
				LD_RUNPATH_SEARCH_PATHS = (
					"$(inherited)",
					"@executable_path/Frameworks",
				);
				MARKETING_VERSION = 1.0;
				PRODUCT_BUNDLE_IDENTIFIER = br.mackenzie.academy.BibleAPI;
				PRODUCT_NAME = "$(TARGET_NAME)";
				SWIFT_EMIT_LOC_STRINGS = YES;
				SWIFT_VERSION = 5.0;
				TARGETED_DEVICE_FAMILY = "1,2";
			};
			name = Release;
		};
/* End XCBuildConfiguration section */

/* Begin XCConfigurationList section */
		7553322A2A3982A800791D4F /* Build configuration list for PBXProject "BibleAPI" */ = {
			isa = XCConfigurationList;
			buildConfigurations = (
				7553323B2A3982AA00791D4F /* Debug */,
				7553323C2A3982AA00791D4F /* Release */,
			);
			defaultConfigurationIsVisible = 0;
			defaultConfigurationName = Release;
		};
		7553323D2A3982AA00791D4F /* Build configuration list for PBXNativeTarget "BibleAPI" */ = {
			isa = XCConfigurationList;
			buildConfigurations = (
				7553323E2A3982AA00791D4F /* Debug */,
				7553323F2A3982AA00791D4F /* Release */,
			);
			defaultConfigurationIsVisible = 0;
			defaultConfigurationName = Release;
		};
/* End XCConfigurationList section */
	};
	rootObject = 755332272A3982A800791D4F /* Project object */;
}
