// !$*UTF8*$!
{
	archiveVersion = 1;
	classes = {
	};
	objectVersion = 56;
	objects = {

/* Begin PBXBuildFile section */
		7506BF592A3AC13B00F877FF /* AmiiboAPIApp.swift in Sources */ = {isa = PBXBuildFile; fileRef = 7506BF582A3AC13B00F877FF /* AmiiboAPIApp.swift */; };
		7506BF5B2A3AC13B00F877FF /* ContentView.swift in Sources */ = {isa = PBXBuildFile; fileRef = 7506BF5A2A3AC13B00F877FF /* ContentView.swift */; };
		7506BF5D2A3AC13D00F877FF /* Assets.xcassets in Resources */ = {isa = PBXBuildFile; fileRef = 7506BF5C2A3AC13D00F877FF /* Assets.xcassets */; };
		7506BF602A3AC13D00F877FF /* Preview Assets.xcassets in Resources */ = {isa = PBXBuildFile; fileRef = 7506BF5F2A3AC13D00F877FF /* Preview Assets.xcassets */; };
		7506BF6E2A3AC1CF00F877FF /* Amiibo.swift in Sources */ = {isa = PBXBuildFile; fileRef = 7506BF672A3AC1CF00F877FF /* Amiibo.swift */; };
		7506BF6F2A3AC1CF00F877FF /* AmiiboModel.swift in Sources */ = {isa = PBXBuildFile; fileRef = 7506BF692A3AC1CF00F877FF /* AmiiboModel.swift */; };
		7506BF702A3AC1CF00F877FF /* AmiiboView.swift in Sources */ = {isa = PBXBuildFile; fileRef = 7506BF6B2A3AC1CF00F877FF /* AmiiboView.swift */; };
		7506BF712A3AC1CF00F877FF /* EmptyView.swift in Sources */ = {isa = PBXBuildFile; fileRef = 7506BF6C2A3AC1CF00F877FF /* EmptyView.swift */; };
		7506BF722A3AC1CF00F877FF /* LoadingView.swift in Sources */ = {isa = PBXBuildFile; fileRef = 7506BF6D2A3AC1CF00F877FF /* LoadingView.swift */; };
/* End PBXBuildFile section */

/* Begin PBXFileReference section */
		7506BF552A3AC13B00F877FF /* AmiiboAPI.app */ = {isa = PBXFileReference; explicitFileType = wrapper.application; includeInIndex = 0; path = AmiiboAPI.app; sourceTree = BUILT_PRODUCTS_DIR; };
		7506BF582A3AC13B00F877FF /* AmiiboAPIApp.swift */ = {isa = PBXFileReference; lastKnownFileType = sourcecode.swift; path = AmiiboAPIApp.swift; sourceTree = "<group>"; };
		7506BF5A2A3AC13B00F877FF /* ContentView.swift */ = {isa = PBXFileReference; lastKnownFileType = sourcecode.swift; path = ContentView.swift; sourceTree = "<group>"; };
		7506BF5C2A3AC13D00F877FF /* Assets.xcassets */ = {isa = PBXFileReference; lastKnownFileType = folder.assetcatalog; path = Assets.xcassets; sourceTree = "<group>"; };
		7506BF5F2A3AC13D00F877FF /* Preview Assets.xcassets */ = {isa = PBXFileReference; lastKnownFileType = folder.assetcatalog; path = "Preview Assets.xcassets"; sourceTree = "<group>"; };
		7506BF672A3AC1CF00F877FF /* Amiibo.swift */ = {isa = PBXFileReference; fileEncoding = 4; lastKnownFileType = sourcecode.swift; path = Amiibo.swift; sourceTree = "<group>"; };
		7506BF692A3AC1CF00F877FF /* AmiiboModel.swift */ = {isa = PBXFileReference; fileEncoding = 4; lastKnownFileType = sourcecode.swift; path = AmiiboModel.swift; sourceTree = "<group>"; };
		7506BF6B2A3AC1CF00F877FF /* AmiiboView.swift */ = {isa = PBXFileReference; fileEncoding = 4; lastKnownFileType = sourcecode.swift; path = AmiiboView.swift; sourceTree = "<group>"; };
		7506BF6C2A3AC1CF00F877FF /* EmptyView.swift */ = {isa = PBXFileReference; fileEncoding = 4; lastKnownFileType = sourcecode.swift; path = EmptyView.swift; sourceTree = "<group>"; };
		7506BF6D2A3AC1CF00F877FF /* LoadingView.swift */ = {isa = PBXFileReference; fileEncoding = 4; lastKnownFileType = sourcecode.swift; path = LoadingView.swift; sourceTree = "<group>"; };
/* End PBXFileReference section */

/* Begin PBXFrameworksBuildPhase section */
		7506BF522A3AC13B00F877FF /* Frameworks */ = {
			isa = PBXFrameworksBuildPhase;
			buildActionMask = 2147483647;
			files = (
			);
			runOnlyForDeploymentPostprocessing = 0;
		};
/* End PBXFrameworksBuildPhase section */

/* Begin PBXGroup section */
		7506BF4C2A3AC13B00F877FF = {
			isa = PBXGroup;
			children = (
				7506BF572A3AC13B00F877FF /* AmiiboAPI */,
				7506BF562A3AC13B00F877FF /* Products */,
			);
			sourceTree = "<group>";
		};
		7506BF562A3AC13B00F877FF /* Products */ = {
			isa = PBXGroup;
			children = (
				7506BF552A3AC13B00F877FF /* AmiiboAPI.app */,
			);
			name = Products;
			sourceTree = "<group>";
		};
		7506BF572A3AC13B00F877FF /* AmiiboAPI */ = {
			isa = PBXGroup;
			children = (
				7506BF6A2A3AC1CF00F877FF /* components */,
				7506BF662A3AC1CF00F877FF /* entities */,
				7506BF682A3AC1CF00F877FF /* model */,
				7506BF582A3AC13B00F877FF /* AmiiboAPIApp.swift */,
				7506BF5A2A3AC13B00F877FF /* ContentView.swift */,
				7506BF5C2A3AC13D00F877FF /* Assets.xcassets */,
				7506BF5E2A3AC13D00F877FF /* Preview Content */,
			);
			path = AmiiboAPI;
			sourceTree = "<group>";
		};
		7506BF5E2A3AC13D00F877FF /* Preview Content */ = {
			isa = PBXGroup;
			children = (
				7506BF5F2A3AC13D00F877FF /* Preview Assets.xcassets */,
			);
			path = "Preview Content";
			sourceTree = "<group>";
		};
		7506BF662A3AC1CF00F877FF /* entities */ = {
			isa = PBXGroup;
			children = (
				7506BF672A3AC1CF00F877FF /* Amiibo.swift */,
			);
			path = entities;
			sourceTree = "<group>";
		};
		7506BF682A3AC1CF00F877FF /* model */ = {
			isa = PBXGroup;
			children = (
				7506BF692A3AC1CF00F877FF /* AmiiboModel.swift */,
			);
			path = model;
			sourceTree = "<group>";
		};
		7506BF6A2A3AC1CF00F877FF /* components */ = {
			isa = PBXGroup;
			children = (
				7506BF6B2A3AC1CF00F877FF /* AmiiboView.swift */,
				7506BF6C2A3AC1CF00F877FF /* EmptyView.swift */,
				7506BF6D2A3AC1CF00F877FF /* LoadingView.swift */,
			);
			path = components;
			sourceTree = "<group>";
		};
/* End PBXGroup section */

/* Begin PBXNativeTarget section */
		7506BF542A3AC13B00F877FF /* AmiiboAPI */ = {
			isa = PBXNativeTarget;
			buildConfigurationList = 7506BF632A3AC13D00F877FF /* Build configuration list for PBXNativeTarget "AmiiboAPI" */;
			buildPhases = (
				7506BF512A3AC13B00F877FF /* Sources */,
				7506BF522A3AC13B00F877FF /* Frameworks */,
				7506BF532A3AC13B00F877FF /* Resources */,
			);
			buildRules = (
			);
			dependencies = (
			);
			name = AmiiboAPI;
			productName = AmiiboAPI;
			productReference = 7506BF552A3AC13B00F877FF /* AmiiboAPI.app */;
			productType = "com.apple.product-type.application";
		};
/* End PBXNativeTarget section */

/* Begin PBXProject section */
		7506BF4D2A3AC13B00F877FF /* Project object */ = {
			isa = PBXProject;
			attributes = {
				BuildIndependentTargetsInParallel = 1;
				LastSwiftUpdateCheck = 1430;
				LastUpgradeCheck = 1430;
				TargetAttributes = {
					7506BF542A3AC13B00F877FF = {
						CreatedOnToolsVersion = 14.3.1;
					};
				};
			};
			buildConfigurationList = 7506BF502A3AC13B00F877FF /* Build configuration list for PBXProject "AmiiboAPI" */;
			compatibilityVersion = "Xcode 14.0";
			developmentRegion = en;
			hasScannedForEncodings = 0;
			knownRegions = (
				en,
				Base,
			);
			mainGroup = 7506BF4C2A3AC13B00F877FF;
			productRefGroup = 7506BF562A3AC13B00F877FF /* Products */;
			projectDirPath = "";
			projectRoot = "";
			targets = (
				7506BF542A3AC13B00F877FF /* AmiiboAPI */,
			);
		};
/* End PBXProject section */

/* Begin PBXResourcesBuildPhase section */
		7506BF532A3AC13B00F877FF /* Resources */ = {
			isa = PBXResourcesBuildPhase;
			buildActionMask = 2147483647;
			files = (
				7506BF602A3AC13D00F877FF /* Preview Assets.xcassets in Resources */,
				7506BF5D2A3AC13D00F877FF /* Assets.xcassets in Resources */,
			);
			runOnlyForDeploymentPostprocessing = 0;
		};
/* End PBXResourcesBuildPhase section */

/* Begin PBXSourcesBuildPhase section */
		7506BF512A3AC13B00F877FF /* Sources */ = {
			isa = PBXSourcesBuildPhase;
			buildActionMask = 2147483647;
			files = (
				7506BF5B2A3AC13B00F877FF /* ContentView.swift in Sources */,
				7506BF592A3AC13B00F877FF /* AmiiboAPIApp.swift in Sources */,
				7506BF6F2A3AC1CF00F877FF /* AmiiboModel.swift in Sources */,
				7506BF702A3AC1CF00F877FF /* AmiiboView.swift in Sources */,
				7506BF712A3AC1CF00F877FF /* EmptyView.swift in Sources */,
				7506BF722A3AC1CF00F877FF /* LoadingView.swift in Sources */,
				7506BF6E2A3AC1CF00F877FF /* Amiibo.swift in Sources */,
			);
			runOnlyForDeploymentPostprocessing = 0;
		};
/* End PBXSourcesBuildPhase section */

/* Begin XCBuildConfiguration section */
		7506BF612A3AC13D00F877FF /* Debug */ = {
			isa = XCBuildConfiguration;
			buildSettings = {
				ALWAYS_SEARCH_USER_PATHS = NO;
				CLANG_ANALYZER_NONNULL = YES;
				CLANG_ANALYZER_NUMBER_OBJECT_CONVERSION = YES_AGGRESSIVE;
				CLANG_CXX_LANGUAGE_STANDARD = "gnu++20";
				CLANG_ENABLE_MODULES = YES;
				CLANG_ENABLE_OBJC_ARC = YES;
				CLANG_ENABLE_OBJC_WEAK = YES;
				CLANG_WARN_BLOCK_CAPTURE_AUTORELEASING = YES;
				CLANG_WARN_BOOL_CONVERSION = YES;
				CLANG_WARN_COMMA = YES;
				CLANG_WARN_CONSTANT_CONVERSION = YES;
				CLANG_WARN_DEPRECATED_OBJC_IMPLEMENTATIONS = YES;
				CLANG_WARN_DIRECT_OBJC_ISA_USAGE = YES_ERROR;
				CLANG_WARN_DOCUMENTATION_COMMENTS = YES;
				CLANG_WARN_EMPTY_BODY = YES;
				CLANG_WARN_ENUM_CONVERSION = YES;
				CLANG_WARN_INFINITE_RECURSION = YES;
				CLANG_WARN_INT_CONVERSION = YES;
				CLANG_WARN_NON_LITERAL_NULL_CONVERSION = YES;
				CLANG_WARN_OBJC_IMPLICIT_RETAIN_SELF = YES;
				CLANG_WARN_OBJC_LITERAL_CONVERSION = YES;
				CLANG_WARN_OBJC_ROOT_CLASS = YES_ERROR;
				CLANG_WARN_QUOTED_INCLUDE_IN_FRAMEWORK_HEADER = YES;
				CLANG_WARN_RANGE_LOOP_ANALYSIS = YES;
				CLANG_WARN_STRICT_PROTOTYPES = YES;
				CLANG_WARN_SUSPICIOUS_MOVE = YES;
				CLANG_WARN_UNGUARDED_AVAILABILITY = YES_AGGRESSIVE;
				CLANG_WARN_UNREACHABLE_CODE = YES;
				CLANG_WARN__DUPLICATE_METHOD_MATCH = YES;
				COPY_PHASE_STRIP = NO;
				DEBUG_INFORMATION_FORMAT = dwarf;
				ENABLE_STRICT_OBJC_MSGSEND = YES;
				ENABLE_TESTABILITY = YES;
				GCC_C_LANGUAGE_STANDARD = gnu11;
				GCC_DYNAMIC_NO_PIC = NO;
				GCC_NO_COMMON_BLOCKS = YES;
				GCC_OPTIMIZATION_LEVEL = 0;
				GCC_PREPROCESSOR_DEFINITIONS = (
					"DEBUG=1",
					"$(inherited)",
				);
				GCC_WARN_64_TO_32_BIT_CONVERSION = YES;
				GCC_WARN_ABOUT_RETURN_TYPE = YES_ERROR;
				GCC_WARN_UNDECLARED_SELECTOR = YES;
				GCC_WARN_UNINITIALIZED_AUTOS = YES_AGGRESSIVE;
				GCC_WARN_UNUSED_FUNCTION = YES;
				GCC_WARN_UNUSED_VARIABLE = YES;
				IPHONEOS_DEPLOYMENT_TARGET = 16.4;
				MTL_ENABLE_DEBUG_INFO = INCLUDE_SOURCE;
				MTL_FAST_MATH = YES;
				ONLY_ACTIVE_ARCH = YES;
				SDKROOT = iphoneos;
				SWIFT_ACTIVE_COMPILATION_CONDITIONS = DEBUG;
				SWIFT_OPTIMIZATION_LEVEL = "-Onone";
			};
			name = Debug;
		};
		7506BF622A3AC13D00F877FF /* Release */ = {
			isa = XCBuildConfiguration;
			buildSettings = {
				ALWAYS_SEARCH_USER_PATHS = NO;
				CLANG_ANALYZER_NONNULL = YES;
				CLANG_ANALYZER_NUMBER_OBJECT_CONVERSION = YES_AGGRESSIVE;
				CLANG_CXX_LANGUAGE_STANDARD = "gnu++20";
				CLANG_ENABLE_MODULES = YES;
				CLANG_ENABLE_OBJC_ARC = YES;
				CLANG_ENABLE_OBJC_WEAK = YES;
				CLANG_WARN_BLOCK_CAPTURE_AUTORELEASING = YES;
				CLANG_WARN_BOOL_CONVERSION = YES;
				CLANG_WARN_COMMA = YES;
				CLANG_WARN_CONSTANT_CONVERSION = YES;
				CLANG_WARN_DEPRECATED_OBJC_IMPLEMENTATIONS = YES;
				CLANG_WARN_DIRECT_OBJC_ISA_USAGE = YES_ERROR;
				CLANG_WARN_DOCUMENTATION_COMMENTS = YES;
				CLANG_WARN_EMPTY_BODY = YES;
				CLANG_WARN_ENUM_CONVERSION = YES;
				CLANG_WARN_INFINITE_RECURSION = YES;
				CLANG_WARN_INT_CONVERSION = YES;
				CLANG_WARN_NON_LITERAL_NULL_CONVERSION = YES;
				CLANG_WARN_OBJC_IMPLICIT_RETAIN_SELF = YES;
				CLANG_WARN_OBJC_LITERAL_CONVERSION = YES;
				CLANG_WARN_OBJC_ROOT_CLASS = YES_ERROR;
				CLANG_WARN_QUOTED_INCLUDE_IN_FRAMEWORK_HEADER = YES;
				CLANG_WARN_RANGE_LOOP_ANALYSIS = YES;
				CLANG_WARN_STRICT_PROTOTYPES = YES;
				CLANG_WARN_SUSPICIOUS_MOVE = YES;
				CLANG_WARN_UNGUARDED_AVAILABILITY = YES_AGGRESSIVE;
				CLANG_WARN_UNREACHABLE_CODE = YES;
				CLANG_WARN__DUPLICATE_METHOD_MATCH = YES;
				COPY_PHASE_STRIP = NO;
				DEBUG_INFORMATION_FORMAT = "dwarf-with-dsym";
				ENABLE_NS_ASSERTIONS = NO;
				ENABLE_STRICT_OBJC_MSGSEND = YES;
				GCC_C_LANGUAGE_STANDARD = gnu11;
				GCC_NO_COMMON_BLOCKS = YES;
				GCC_WARN_64_TO_32_BIT_CONVERSION = YES;
				GCC_WARN_ABOUT_RETURN_TYPE = YES_ERROR;
				GCC_WARN_UNDECLARED_SELECTOR = YES;
				GCC_WARN_UNINITIALIZED_AUTOS = YES_AGGRESSIVE;
				GCC_WARN_UNUSED_FUNCTION = YES;
				GCC_WARN_UNUSED_VARIABLE = YES;
				IPHONEOS_DEPLOYMENT_TARGET = 16.4;
				MTL_ENABLE_DEBUG_INFO = NO;
				MTL_FAST_MATH = YES;
				SDKROOT = iphoneos;
				SWIFT_COMPILATION_MODE = wholemodule;
				SWIFT_OPTIMIZATION_LEVEL = "-O";
				VALIDATE_PRODUCT = YES;
			};
			name = Release;
		};
		7506BF642A3AC13D00F877FF /* Debug */ = {
			isa = XCBuildConfiguration;
			buildSettings = {
				ASSETCATALOG_COMPILER_APPICON_NAME = AppIcon;
				ASSETCATALOG_COMPILER_GLOBAL_ACCENT_COLOR_NAME = AccentColor;
				CODE_SIGN_STYLE = Automatic;
				CURRENT_PROJECT_VERSION = 1;
				DEVELOPMENT_ASSET_PATHS = "\"AmiiboAPI/Preview Content\"";
				DEVELOPMENT_TEAM = 34E95R7U23;
				ENABLE_PREVIEWS = YES;
				GENERATE_INFOPLIST_FILE = YES;
				INFOPLIST_KEY_UIApplicationSceneManifest_Generation = YES;
				INFOPLIST_KEY_UIApplicationSupportsIndirectInputEvents = YES;
				INFOPLIST_KEY_UILaunchScreen_Generation = YES;
				INFOPLIST_KEY_UISupportedInterfaceOrientations_iPad = "UIInterfaceOrientationPortrait UIInterfaceOrientationPortraitUpsideDown UIInterfaceOrientationLandscapeLeft UIInterfaceOrientationLandscapeRight";
				INFOPLIST_KEY_UISupportedInterfaceOrientations_iPhone = "UIInterfaceOrientationPortrait UIInterfaceOrientationLandscapeLeft UIInterfaceOrientationLandscapeRight";
				LD_RUNPATH_SEARCH_PATHS = (
					"$(inherited)",
					"@executable_path/Frameworks",
				);
				MARKETING_VERSION = 1.0;
				PRODUCT_BUNDLE_IDENTIFIER = br.mackenzie.academy.AmiiboAPI;
				PRODUCT_NAME = "$(TARGET_NAME)";
				SWIFT_EMIT_LOC_STRINGS = YES;
				SWIFT_VERSION = 5.0;
				TARGETED_DEVICE_FAMILY = "1,2";
			};
			name = Debug;
		};
		7506BF652A3AC13D00F877FF /* Release */ = {
			isa = XCBuildConfiguration;
			buildSettings = {
				ASSETCATALOG_COMPILER_APPICON_NAME = AppIcon;
				ASSETCATALOG_COMPILER_GLOBAL_ACCENT_COLOR_NAME = AccentColor;
				CODE_SIGN_STYLE = Automatic;
				CURRENT_PROJECT_VERSION = 1;
				DEVELOPMENT_ASSET_PATHS = "\"AmiiboAPI/Preview Content\"";
				DEVELOPMENT_TEAM = 34E95R7U23;
				ENABLE_PREVIEWS = YES;
				GENERATE_INFOPLIST_FILE = YES;
				INFOPLIST_KEY_UIApplicationSceneManifest_Generation = YES;
				INFOPLIST_KEY_UIApplicationSupportsIndirectInputEvents = YES;
				INFOPLIST_KEY_UILaunchScreen_Generation = YES;
				INFOPLIST_KEY_UISupportedInterfaceOrientations_iPad = "UIInterfaceOrientationPortrait UIInterfaceOrientationPortraitUpsideDown UIInterfaceOrientationLandscapeLeft UIInterfaceOrientationLandscapeRight";
				INFOPLIST_KEY_UISupportedInterfaceOrientations_iPhone = "UIInterfaceOrientationPortrait UIInterfaceOrientationLandscapeLeft UIInterfaceOrientationLandscapeRight";
				LD_RUNPATH_SEARCH_PATHS = (
					"$(inherited)",
					"@executable_path/Frameworks",
				);
				MARKETING_VERSION = 1.0;
				PRODUCT_BUNDLE_IDENTIFIER = br.mackenzie.academy.AmiiboAPI;
				PRODUCT_NAME = "$(TARGET_NAME)";
				SWIFT_EMIT_LOC_STRINGS = YES;
				SWIFT_VERSION = 5.0;
				TARGETED_DEVICE_FAMILY = "1,2";
			};
			name = Release;
		};
/* End XCBuildConfiguration section */

/* Begin XCConfigurationList section */
		7506BF502A3AC13B00F877FF /* Build configuration list for PBXProject "AmiiboAPI" */ = {
			isa = XCConfigurationList;
			buildConfigurations = (
				7506BF612A3AC13D00F877FF /* Debug */,
				7506BF622A3AC13D00F877FF /* Release */,
			);
			defaultConfigurationIsVisible = 0;
			defaultConfigurationName = Release;
		};
		7506BF632A3AC13D00F877FF /* Build configuration list for PBXNativeTarget "AmiiboAPI" */ = {
			isa = XCConfigurationList;
			buildConfigurations = (
				7506BF642A3AC13D00F877FF /* Debug */,
				7506BF652A3AC13D00F877FF /* Release */,
			);
			defaultConfigurationIsVisible = 0;
			defaultConfigurationName = Release;
		};
/* End XCConfigurationList section */
	};
	rootObject = 7506BF4D2A3AC13B00F877FF /* Project object */;
}
